
Microsoft Visual Studio Solution File, Format Version 12.00
# Visual Studio Version 17
VisualStudioVersion = 17.3.32929.385
MinimumVisualStudioVersion = 10.0.40219.1
Project("{FAE04EC0-301F-11D3-BF4B-00C04F79EFBC}") = "direct", "direct\direct.csproj", "{C656D9AC-B7F8-4F68-997B-CB5044613184}"
EndProject
Global
	GlobalSection(SolutionConfigurationPlatforms) = preSolution
		Debug|Any CPU = Debug|Any CPU
		Release|Any CPU = Release|Any CPU
	EndGlobalSection
	GlobalSection(ProjectConfigurationPlatforms) = postSolution
		{C656D9AC-B7F8-4F68-997B-CB5044613184}.Debug|Any CPU.ActiveCfg = Debug|Any CPU
		{C656D9AC-B7F8-4F68-997B-CB5044613184}.Debug|Any CPU.Build.0 = Debug|Any CPU
		{C656D9AC-B7F8-4F68-997B-CB5044613184}.Release|Any CPU.ActiveCfg = Release|Any CPU
		{C656D9AC-B7F8-4F68-997B-CB5044613184}.Release|Any CPU.Build.0 = Release|Any CPU
	EndGlobalSection
	GlobalSection(SolutionProperties) = preSolution
		HideSolutionNode = FALSE
	EndGlobalSection
	GlobalSection(ExtensibilityGlobals) = postSolution
		SolutionGuid = {C9CB71FD-522C-4423-B545-7489C943E72B}
	EndGlobalSection
EndGlobal
